
Microsoft Visual Studio Solution File, Format Version 12.00
# Visual Studio Version 17
VisualStudioVersion = 17.3.32929.385
MinimumVisualStudioVersion = 10.0.40219.1
Project("{8BC9CEB8-8B4A-11D0-8D11-00A0C91BC942}") = "Hospital", "Hospital.vcxproj", "{C5596D4F-9E3D-4D63-9A37-8862F038131D}"
EndProject
Global
	GlobalSection(SolutionConfigurationPlatforms) = preSolution
		Debug|x64 = Debug|x64
		Debug|x86 = Debug|x86
		Release|x64 = Release|x64
		Release|x86 = Release|x86
	EndGlobalSection
	GlobalSection(ProjectConfigurationPlatforms) = postSolution
		{C5596D4F-9E3D-4D63-9A37-8862F038131D}.Debug|x64.ActiveCfg = Debug|x64
		{C5596D4F-9E3D-4D63-9A37-8862F038131D}.Debug|x64.Build.0 = Debug|x64
		{C5596D4F-9E3D-4D63-9A37-8862F038131D}.Debug|x86.ActiveCfg = Debug|Win32
		{C5596D4F-9E3D-4D63-9A37-8862F038131D}.Debug|x86.Build.0 = Debug|Win32
		{C5596D4F-9E3D-4D63-9A37-8862F038131D}.Release|x64.ActiveCfg = Release|x64
		{C5596D4F-9E3D-4D63-9A37-8862F038131D}.Release|x64.Build.0 = Release|x64
		{C5596D4F-9E3D-4D63-9A37-8862F038131D}.Release|x86.ActiveCfg = Release|Win32
		{C5596D4F-9E3D-4D63-9A37-8862F038131D}.Release|x86.Build.0 = Release|Win32
	EndGlobalSection
	GlobalSection(SolutionProperties) = preSolution
		HideSolutionNode = FALSE
	EndGlobalSection
	GlobalSection(ExtensibilityGlobals) = postSolution
		SolutionGuid = {843E8320-B0F5-4060-A4F8-0D41DA918614}
	EndGlobalSection
EndGlobal
